
Microsoft Visual Studio Solution File, Format Version 12.00
# Visual Studio Version 16
VisualStudioVersion = 16.0.31605.320
MinimumVisualStudioVersion = 10.0.40219.1
Project("{FAE04EC0-301F-11D3-BF4B-00C04F79EFBC}") = "GeradorDeSenha", "GeradorDeSenha\GeradorDeSenha.csproj", "{D60E64B3-A848-4FDC-9D12-608AFF68A3A0}"
EndProject
Global
	GlobalSection(SolutionConfigurationPlatforms) = preSolution
		Debug|Any CPU = Debug|Any CPU
		Release|Any CPU = Release|Any CPU
	EndGlobalSection
	GlobalSection(ProjectConfigurationPlatforms) = postSolution
		{D60E64B3-A848-4FDC-9D12-608AFF68A3A0}.Debug|Any CPU.ActiveCfg = Debug|Any CPU
		{D60E64B3-A848-4FDC-9D12-608AFF68A3A0}.Debug|Any CPU.Build.0 = Debug|Any CPU
		{D60E64B3-A848-4FDC-9D12-608AFF68A3A0}.Release|Any CPU.ActiveCfg = Release|Any CPU
		{D60E64B3-A848-4FDC-9D12-608AFF68A3A0}.Release|Any CPU.Build.0 = Release|Any CPU
	EndGlobalSection
	GlobalSection(SolutionProperties) = preSolution
		HideSolutionNode = FALSE
	EndGlobalSection
	GlobalSection(ExtensibilityGlobals) = postSolution
		SolutionGuid = {7EF1115D-5377-406C-A793-DE58058E422C}
	EndGlobalSection
EndGlobal
